
Microsoft Visual Studio Solution File, Format Version 12.00
# Visual Studio Version 17
VisualStudioVersion = 17.6.33829.357
MinimumVisualStudioVersion = 10.0.40219.1
Project("{2150E333-8FDC-42A3-9474-1A3956D46DE8}") = "Applicaiton", "Applicaiton", "{9B6E7741-6D48-40B9-9414-85B55F1A3D12}"
EndProject
Project("{2150E333-8FDC-42A3-9474-1A3956D46DE8}") = "Domain", "Domain", "{6F18323C-CCA9-41F9-BE77-1A95AEF787B0}"
EndProject
Project("{2150E333-8FDC-42A3-9474-1A3956D46DE8}") = "Infrastructure", "Infrastructure", "{A1191774-F02E-412C-9485-87BCFBCC9078}"
EndProject
Project("{2150E333-8FDC-42A3-9474-1A3956D46DE8}") = "Services", "Services", "{69ECA63A-B80E-441E-8767-95A0DF728DC4}"
EndProject
Project("{2150E333-8FDC-42A3-9474-1A3956D46DE8}") = "Utilities", "Utilities", "{DB471F8E-73A8-48D5-BEAE-9FD3801DBE32}"
EndProject
Project("{FAE04EC0-301F-11D3-BF4B-00C04F79EFBC}") = "CLINICAL.Domain", "CLINICAL.Domain\CLINICAL.Domain.csproj", "{22FE42EF-F069-43CB-BD2E-FA6C33CAF5D2}"
EndProject
Project("{FAE04EC0-301F-11D3-BF4B-00C04F79EFBC}") = "CLINICAL.Infrastructure", "CLINICAL.Infrastructure\CLINICAL.Infrastructure.csproj", "{0FFF95CE-9BB0-41C5-9F6B-4F8F28E042E2}"
EndProject
Project("{FAE04EC0-301F-11D3-BF4B-00C04F79EFBC}") = "CLINICAL.Persistence", "CLINICAL.Persistence\CLINICAL.Persistence.csproj", "{AD01BF8A-47A0-4696-960D-2A0753AFF75A}"
EndProject
Project("{FAE04EC0-301F-11D3-BF4B-00C04F79EFBC}") = "CLINICAL.Applicaiton.Dtos", "CLINICAL.Applicaiton.Dtos\CLINICAL.Applicaiton.Dtos.csproj", "{CC7D2ABD-CBC8-42D8-976F-3BA6501FFE17}"
EndProject
Project("{FAE04EC0-301F-11D3-BF4B-00C04F79EFBC}") = "CLINICAL.Application.Interface", "CLINICAL.Application.Interface\CLINICAL.Application.Interface.csproj", "{873D949E-B053-41AF-A86D-7A4AE9BBFB77}"
EndProject
Project("{FAE04EC0-301F-11D3-BF4B-00C04F79EFBC}") = "CLINICAL.Application.UseCase", "CLINICAL.Application.UseCase\CLINICAL.Application.UseCase.csproj", "{29980D8F-F2EE-4A45-8417-82A06C74508F}"
EndProject
Project("{FAE04EC0-301F-11D3-BF4B-00C04F79EFBC}") = "CLINICAL.Utilities", "CLINICAL.Utilities\CLINICAL.Utilities.csproj", "{D163A5CE-F62B-4BAD-AA6C-32BAFE36B43C}"
EndProject
Project("{FAE04EC0-301F-11D3-BF4B-00C04F79EFBC}") = "Api", "Api\Api.csproj", "{14CD6627-8151-4C73-AD49-4CF9C0A85810}"
EndProject
Global
	GlobalSection(SolutionConfigurationPlatforms) = preSolution
		Debug|Any CPU = Debug|Any CPU
		Release|Any CPU = Release|Any CPU
	EndGlobalSection
	GlobalSection(ProjectConfigurationPlatforms) = postSolution
		{22FE42EF-F069-43CB-BD2E-FA6C33CAF5D2}.Debug|Any CPU.ActiveCfg = Debug|Any CPU
		{22FE42EF-F069-43CB-BD2E-FA6C33CAF5D2}.Debug|Any CPU.Build.0 = Debug|Any CPU
		{22FE42EF-F069-43CB-BD2E-FA6C33CAF5D2}.Release|Any CPU.ActiveCfg = Release|Any CPU
		{22FE42EF-F069-43CB-BD2E-FA6C33CAF5D2}.Release|Any CPU.Build.0 = Release|Any CPU
		{0FFF95CE-9BB0-41C5-9F6B-4F8F28E042E2}.Debug|Any CPU.ActiveCfg = Debug|Any CPU
		{0FFF95CE-9BB0-41C5-9F6B-4F8F28E042E2}.Debug|Any CPU.Build.0 = Debug|Any CPU
		{0FFF95CE-9BB0-41C5-9F6B-4F8F28E042E2}.Release|Any CPU.ActiveCfg = Release|Any CPU
		{0FFF95CE-9BB0-41C5-9F6B-4F8F28E042E2}.Release|Any CPU.Build.0 = Release|Any CPU
		{AD01BF8A-47A0-4696-960D-2A0753AFF75A}.Debug|Any CPU.ActiveCfg = Debug|Any CPU
		{AD01BF8A-47A0-4696-960D-2A0753AFF75A}.Debug|Any CPU.Build.0 = Debug|Any CPU
		{AD01BF8A-47A0-4696-960D-2A0753AFF75A}.Release|Any CPU.ActiveCfg = Release|Any CPU
		{AD01BF8A-47A0-4696-960D-2A0753AFF75A}.Release|Any CPU.Build.0 = Release|Any CPU
		{CC7D2ABD-CBC8-42D8-976F-3BA6501FFE17}.Debug|Any CPU.ActiveCfg = Debug|Any CPU
		{CC7D2ABD-CBC8-42D8-976F-3BA6501FFE17}.Debug|Any CPU.Build.0 = Debug|Any CPU
		{CC7D2ABD-CBC8-42D8-976F-3BA6501FFE17}.Release|Any CPU.ActiveCfg = Release|Any CPU
		{CC7D2ABD-CBC8-42D8-976F-3BA6501FFE17}.Release|Any CPU.Build.0 = Release|Any CPU
		{873D949E-B053-41AF-A86D-7A4AE9BBFB77}.Debug|Any CPU.ActiveCfg = Debug|Any CPU
		{873D949E-B053-41AF-A86D-7A4AE9BBFB77}.Debug|Any CPU.Build.0 = Debug|Any CPU
		{873D949E-B053-41AF-A86D-7A4AE9BBFB77}.Release|Any CPU.ActiveCfg = Release|Any CPU
		{873D949E-B053-41AF-A86D-7A4AE9BBFB77}.Release|Any CPU.Build.0 = Release|Any CPU
		{29980D8F-F2EE-4A45-8417-82A06C74508F}.Debug|Any CPU.ActiveCfg = Debug|Any CPU
		{29980D8F-F2EE-4A45-8417-82A06C74508F}.Debug|Any CPU.Build.0 = Debug|Any CPU
		{29980D8F-F2EE-4A45-8417-82A06C74508F}.Release|Any CPU.ActiveCfg = Release|Any CPU
		{29980D8F-F2EE-4A45-8417-82A06C74508F}.Release|Any CPU.Build.0 = Release|Any CPU
		{D163A5CE-F62B-4BAD-AA6C-32BAFE36B43C}.Debug|Any CPU.ActiveCfg = Debug|Any CPU
		{D163A5CE-F62B-4BAD-AA6C-32BAFE36B43C}.Debug|Any CPU.Build.0 = Debug|Any CPU
		{D163A5CE-F62B-4BAD-AA6C-32BAFE36B43C}.Release|Any CPU.ActiveCfg = Release|Any CPU
		{D163A5CE-F62B-4BAD-AA6C-32BAFE36B43C}.Release|Any CPU.Build.0 = Release|Any CPU
		{14CD6627-8151-4C73-AD49-4CF9C0A85810}.Debug|Any CPU.ActiveCfg = Debug|Any CPU
		{14CD6627-8151-4C73-AD49-4CF9C0A85810}.Debug|Any CPU.Build.0 = Debug|Any CPU
		{14CD6627-8151-4C73-AD49-4CF9C0A85810}.Release|Any CPU.ActiveCfg = Release|Any CPU
		{14CD6627-8151-4C73-AD49-4CF9C0A85810}.Release|Any CPU.Build.0 = Release|Any CPU
	EndGlobalSection
	GlobalSection(SolutionProperties) = preSolution
		HideSolutionNode = FALSE
	EndGlobalSection
	GlobalSection(NestedProjects) = preSolution
		{22FE42EF-F069-43CB-BD2E-FA6C33CAF5D2} = {6F18323C-CCA9-41F9-BE77-1A95AEF787B0}
		{0FFF95CE-9BB0-41C5-9F6B-4F8F28E042E2} = {A1191774-F02E-412C-9485-87BCFBCC9078}
		{AD01BF8A-47A0-4696-960D-2A0753AFF75A} = {A1191774-F02E-412C-9485-87BCFBCC9078}
		{CC7D2ABD-CBC8-42D8-976F-3BA6501FFE17} = {9B6E7741-6D48-40B9-9414-85B55F1A3D12}
		{873D949E-B053-41AF-A86D-7A4AE9BBFB77} = {9B6E7741-6D48-40B9-9414-85B55F1A3D12}
		{29980D8F-F2EE-4A45-8417-82A06C74508F} = {9B6E7741-6D48-40B9-9414-85B55F1A3D12}
		{D163A5CE-F62B-4BAD-AA6C-32BAFE36B43C} = {DB471F8E-73A8-48D5-BEAE-9FD3801DBE32}
		{14CD6627-8151-4C73-AD49-4CF9C0A85810} = {69ECA63A-B80E-441E-8767-95A0DF728DC4}
	EndGlobalSection
	GlobalSection(ExtensibilityGlobals) = postSolution
		SolutionGuid = {4C98F9E2-7A7E-496F-8A40-9AB8707B435C}
	EndGlobalSection
EndGlobal
